// !$*UTF8*$!
{
	archiveVersion = 1;
	classes = {
	};
	objectVersion = 56;
	objects = {

/* Begin PBXBuildFile section */
		6A0CDD0629A37496004C2BDD /* APIKeyMapper.swift in Sources */ = {isa = PBXBuildFile; fileRef = 6A0CDD0529A37496004C2BDD /* APIKeyMapper.swift */; };
		6A4487FF29997D13002BC93D /* ImageGenerationResponseMapper.swift in Sources */ = {isa = PBXBuildFile; fileRef = 6A4487FE29997D13002BC93D /* ImageGenerationResponseMapper.swift */; };
		6A44880129999AB4002BC93D /* ImageGenerationService.swift in Sources */ = {isa = PBXBuildFile; fileRef = 6A44880029999AB4002BC93D /* ImageGenerationService.swift */; };
		6A8FB0A6299259DC00A6794E /* HelloWorldApp.swift in Sources */ = {isa = PBXBuildFile; fileRef = 6A8FB0A5299259DC00A6794E /* HelloWorldApp.swift */; };
		6A8FB0A8299259DC00A6794E /* ContentView.swift in Sources */ = {isa = PBXBuildFile; fileRef = 6A8FB0A7299259DC00A6794E /* ContentView.swift */; };
		6A8FB0AA299259DE00A6794E /* Assets.xcassets in Resources */ = {isa = PBXBuildFile; fileRef = 6A8FB0A9299259DE00A6794E /* Assets.xcassets */; };
		6A8FB0AD299259DE00A6794E /* Preview Assets.xcassets in Resources */ = {isa = PBXBuildFile; fileRef = 6A8FB0AC299259DE00A6794E /* Preview Assets.xcassets */; };
		6AD8347D29C1E3230001A24B /* SaveImageService.swift in Sources */ = {isa = PBXBuildFile; fileRef = 6AD8347C29C1E3230001A24B /* SaveImageService.swift */; };
		6AD8348029C20F3B0001A24B /* ErrorTypes.swift in Sources */ = {isa = PBXBuildFile; fileRef = 6AD8347F29C20F3B0001A24B /* ErrorTypes.swift */; };
		6AFF8EDB29A4E991002380A1 /* ImageGenerationViewModel.swift in Sources */ = {isa = PBXBuildFile; fileRef = 6AFF8EDA29A4E991002380A1 /* ImageGenerationViewModel.swift */; };
		6AFF8EDD29A65E9E002380A1 /* ImageGenerationRequestPayloadMapper.swift in Sources */ = {isa = PBXBuildFile; fileRef = 6AFF8EDC29A65E9E002380A1 /* ImageGenerationRequestPayloadMapper.swift */; };
/* End PBXBuildFile section */

/* Begin PBXFileReference section */
		6A0CDD0529A37496004C2BDD /* APIKeyMapper.swift */ = {isa = PBXFileReference; lastKnownFileType = sourcecode.swift; path = APIKeyMapper.swift; sourceTree = "<group>"; };
		6A4487FE29997D13002BC93D /* ImageGenerationResponseMapper.swift */ = {isa = PBXFileReference; lastKnownFileType = sourcecode.swift; path = ImageGenerationResponseMapper.swift; sourceTree = "<group>"; };
		6A44880029999AB4002BC93D /* ImageGenerationService.swift */ = {isa = PBXFileReference; lastKnownFileType = sourcecode.swift; path = ImageGenerationService.swift; sourceTree = "<group>"; };
		6A8FB0A2299259DC00A6794E /* HelloWorld.app */ = {isa = PBXFileReference; explicitFileType = wrapper.application; includeInIndex = 0; path = HelloWorld.app; sourceTree = BUILT_PRODUCTS_DIR; };
		6A8FB0A5299259DC00A6794E /* HelloWorldApp.swift */ = {isa = PBXFileReference; lastKnownFileType = sourcecode.swift; path = HelloWorldApp.swift; sourceTree = "<group>"; };
		6A8FB0A7299259DC00A6794E /* ContentView.swift */ = {isa = PBXFileReference; lastKnownFileType = sourcecode.swift; path = ContentView.swift; sourceTree = "<group>"; };
		6A8FB0A9299259DE00A6794E /* Assets.xcassets */ = {isa = PBXFileReference; lastKnownFileType = folder.assetcatalog; path = Assets.xcassets; sourceTree = "<group>"; };
		6A8FB0AC299259DE00A6794E /* Preview Assets.xcassets */ = {isa = PBXFileReference; lastKnownFileType = folder.assetcatalog; path = "Preview Assets.xcassets"; sourceTree = "<group>"; };
		6AD8347C29C1E3230001A24B /* SaveImageService.swift */ = {isa = PBXFileReference; lastKnownFileType = sourcecode.swift; path = SaveImageService.swift; sourceTree = "<group>"; };
		6AD8347F29C20F3B0001A24B /* ErrorTypes.swift */ = {isa = PBXFileReference; lastKnownFileType = sourcecode.swift; path = ErrorTypes.swift; sourceTree = "<group>"; };
		6AFF8EDA29A4E991002380A1 /* ImageGenerationViewModel.swift */ = {isa = PBXFileReference; lastKnownFileType = sourcecode.swift; path = ImageGenerationViewModel.swift; sourceTree = "<group>"; };
		6AFF8EDC29A65E9E002380A1 /* ImageGenerationRequestPayloadMapper.swift */ = {isa = PBXFileReference; lastKnownFileType = sourcecode.swift; path = ImageGenerationRequestPayloadMapper.swift; sourceTree = "<group>"; };
/* End PBXFileReference section */

/* Begin PBXFrameworksBuildPhase section */
		6A8FB09F299259DC00A6794E /* Frameworks */ = {
			isa = PBXFrameworksBuildPhase;
			buildActionMask = 2147483647;
			files = (
			);
			runOnlyForDeploymentPostprocessing = 0;
		};
/* End PBXFrameworksBuildPhase section */

/* Begin PBXGroup section */
		6A8FB099299259DC00A6794E = {
			isa = PBXGroup;
			children = (
				6A8FB0A4299259DC00A6794E /* HelloWorld */,
				6A8FB0A3299259DC00A6794E /* Products */,
			);
			sourceTree = "<group>";
		};
		6A8FB0A3299259DC00A6794E /* Products */ = {
			isa = PBXGroup;
			children = (
				6A8FB0A2299259DC00A6794E /* HelloWorld.app */,
			);
			name = Products;
			sourceTree = "<group>";
		};
		6A8FB0A4299259DC00A6794E /* HelloWorld */ = {
			isa = PBXGroup;
			children = (
				6AD8348129C211B90001A24B /* Test */,
				6AD8347E29C20F0B0001A24B /* Error */,
				6AFF8ED929A4E971002380A1 /* ViewModel */,
				6AFF8ED829A4E8FF002380A1 /* Service */,
				6A8FB0A5299259DC00A6794E /* HelloWorldApp.swift */,
				6A8FB0A7299259DC00A6794E /* ContentView.swift */,
				6A8FB0A9299259DE00A6794E /* Assets.xcassets */,
				6A8FB0AB299259DE00A6794E /* Preview Content */,
				6AFF8ECA29A4C4FF002380A1 /* Model */,
			);
			path = HelloWorld;
			sourceTree = "<group>";
		};
		6A8FB0AB299259DE00A6794E /* Preview Content */ = {
			isa = PBXGroup;
			children = (
				6A8FB0AC299259DE00A6794E /* Preview Assets.xcassets */,
			);
			path = "Preview Content";
			sourceTree = "<group>";
		};
		6AD8347E29C20F0B0001A24B /* Error */ = {
			isa = PBXGroup;
			children = (
				6AD8347F29C20F3B0001A24B /* ErrorTypes.swift */,
			);
			path = Error;
			sourceTree = "<group>";
		};
		6AD8348129C211B90001A24B /* Test */ = {
			isa = PBXGroup;
			children = (
			);
			path = Test;
			sourceTree = "<group>";
		};
		6AFF8ECA29A4C4FF002380A1 /* Model */ = {
			isa = PBXGroup;
			children = (
				6A0CDD0529A37496004C2BDD /* APIKeyMapper.swift */,
				6A4487FE29997D13002BC93D /* ImageGenerationResponseMapper.swift */,
				6AFF8EDC29A65E9E002380A1 /* ImageGenerationRequestPayloadMapper.swift */,
			);
			path = Model;
			sourceTree = "<group>";
		};
		6AFF8ED829A4E8FF002380A1 /* Service */ = {
			isa = PBXGroup;
			children = (
				6A44880029999AB4002BC93D /* ImageGenerationService.swift */,
				6AD8347C29C1E3230001A24B /* SaveImageService.swift */,
			);
			path = Service;
			sourceTree = "<group>";
		};
		6AFF8ED929A4E971002380A1 /* ViewModel */ = {
			isa = PBXGroup;
			children = (
				6AFF8EDA29A4E991002380A1 /* ImageGenerationViewModel.swift */,
			);
			path = ViewModel;
			sourceTree = "<group>";
		};
/* End PBXGroup section */

/* Begin PBXNativeTarget section */
		6A8FB0A1299259DC00A6794E /* HelloWorld */ = {
			isa = PBXNativeTarget;
			buildConfigurationList = 6A8FB0B0299259DE00A6794E /* Build configuration list for PBXNativeTarget "HelloWorld" */;
			buildPhases = (
				6A8FB09E299259DC00A6794E /* Sources */,
				6A8FB09F299259DC00A6794E /* Frameworks */,
				6A8FB0A0299259DC00A6794E /* Resources */,
			);
			buildRules = (
			);
			dependencies = (
			);
			name = HelloWorld;
			productName = HelloWorld;
			productReference = 6A8FB0A2299259DC00A6794E /* HelloWorld.app */;
			productType = "com.apple.product-type.application";
		};
/* End PBXNativeTarget section */

/* Begin PBXProject section */
		6A8FB09A299259DC00A6794E /* Project object */ = {
			isa = PBXProject;
			attributes = {
				BuildIndependentTargetsInParallel = 1;
				LastSwiftUpdateCheck = 1420;
				LastUpgradeCheck = 1420;
				TargetAttributes = {
					6A8FB0A1299259DC00A6794E = {
						CreatedOnToolsVersion = 14.2;
					};
				};
			};
			buildConfigurationList = 6A8FB09D299259DC00A6794E /* Build configuration list for PBXProject "HelloWorld" */;
			compatibilityVersion = "Xcode 14.0";
			developmentRegion = en;
			hasScannedForEncodings = 0;
			knownRegions = (
				en,
				Base,
			);
			mainGroup = 6A8FB099299259DC00A6794E;
			productRefGroup = 6A8FB0A3299259DC00A6794E /* Products */;
			projectDirPath = "";
			projectRoot = "";
			targets = (
				6A8FB0A1299259DC00A6794E /* HelloWorld */,
			);
		};
/* End PBXProject section */

/* Begin PBXResourcesBuildPhase section */
		6A8FB0A0299259DC00A6794E /* Resources */ = {
			isa = PBXResourcesBuildPhase;
			buildActionMask = 2147483647;
			files = (
				6A8FB0AD299259DE00A6794E /* Preview Assets.xcassets in Resources */,
				6A8FB0AA299259DE00A6794E /* Assets.xcassets in Resources */,
			);
			runOnlyForDeploymentPostprocessing = 0;
		};
/* End PBXResourcesBuildPhase section */

/* Begin PBXSourcesBuildPhase section */
		6A8FB09E299259DC00A6794E /* Sources */ = {
			isa = PBXSourcesBuildPhase;
			buildActionMask = 2147483647;
			files = (
				6A4487FF29997D13002BC93D /* ImageGenerationResponseMapper.swift in Sources */,
				6A0CDD0629A37496004C2BDD /* APIKeyMapper.swift in Sources */,
				6AFF8EDD29A65E9E002380A1 /* ImageGenerationRequestPayloadMapper.swift in Sources */,
				6AFF8EDB29A4E991002380A1 /* ImageGenerationViewModel.swift in Sources */,
				6AD8348029C20F3B0001A24B /* ErrorTypes.swift in Sources */,
				6AD8347D29C1E3230001A24B /* SaveImageService.swift in Sources */,
				6A44880129999AB4002BC93D /* ImageGenerationService.swift in Sources */,
				6A8FB0A8299259DC00A6794E /* ContentView.swift in Sources */,
				6A8FB0A6299259DC00A6794E /* HelloWorldApp.swift in Sources */,
			);
			runOnlyForDeploymentPostprocessing = 0;
		};
/* End PBXSourcesBuildPhase section */

/* Begin XCBuildConfiguration section */
		6A8FB0AE299259DE00A6794E /* Debug */ = {
			isa = XCBuildConfiguration;
			buildSettings = {
				ALWAYS_SEARCH_USER_PATHS = NO;
				CLANG_ANALYZER_NONNULL = YES;
				CLANG_ANALYZER_NUMBER_OBJECT_CONVERSION = YES_AGGRESSIVE;
				CLANG_CXX_LANGUAGE_STANDARD = "gnu++20";
				CLANG_ENABLE_MODULES = YES;
				CLANG_ENABLE_OBJC_ARC = YES;
				CLANG_ENABLE_OBJC_WEAK = YES;
				CLANG_WARN_BLOCK_CAPTURE_AUTORELEASING = YES;
				CLANG_WARN_BOOL_CONVERSION = YES;
				CLANG_WARN_COMMA = YES;
				CLANG_WARN_CONSTANT_CONVERSION = YES;
				CLANG_WARN_DEPRECATED_OBJC_IMPLEMENTATIONS = YES;
				CLANG_WARN_DIRECT_OBJC_ISA_USAGE = YES_ERROR;
				CLANG_WARN_DOCUMENTATION_COMMENTS = YES;
				CLANG_WARN_EMPTY_BODY = YES;
				CLANG_WARN_ENUM_CONVERSION = YES;
				CLANG_WARN_INFINITE_RECURSION = YES;
				CLANG_WARN_INT_CONVERSION = YES;
				CLANG_WARN_NON_LITERAL_NULL_CONVERSION = YES;
				CLANG_WARN_OBJC_IMPLICIT_RETAIN_SELF = YES;
				CLANG_WARN_OBJC_LITERAL_CONVERSION = YES;
				CLANG_WARN_OBJC_ROOT_CLASS = YES_ERROR;
				CLANG_WARN_QUOTED_INCLUDE_IN_FRAMEWORK_HEADER = YES;
				CLANG_WARN_RANGE_LOOP_ANALYSIS = YES;
				CLANG_WARN_STRICT_PROTOTYPES = YES;
				CLANG_WARN_SUSPICIOUS_MOVE = YES;
				CLANG_WARN_UNGUARDED_AVAILABILITY = YES_AGGRESSIVE;
				CLANG_WARN_UNREACHABLE_CODE = YES;
				CLANG_WARN__DUPLICATE_METHOD_MATCH = YES;
				COPY_PHASE_STRIP = NO;
				DEBUG_INFORMATION_FORMAT = dwarf;
				ENABLE_STRICT_OBJC_MSGSEND = YES;
				ENABLE_TESTABILITY = YES;
				GCC_C_LANGUAGE_STANDARD = gnu11;
				GCC_DYNAMIC_NO_PIC = NO;
				GCC_NO_COMMON_BLOCKS = YES;
				GCC_OPTIMIZATION_LEVEL = 0;
				GCC_PREPROCESSOR_DEFINITIONS = (
					"DEBUG=1",
					"$(inherited)",
				);
				GCC_WARN_64_TO_32_BIT_CONVERSION = YES;
				GCC_WARN_ABOUT_RETURN_TYPE = YES_ERROR;
				GCC_WARN_UNDECLARED_SELECTOR = YES;
				GCC_WARN_UNINITIALIZED_AUTOS = YES_AGGRESSIVE;
				GCC_WARN_UNUSED_FUNCTION = YES;
				GCC_WARN_UNUSED_VARIABLE = YES;
				IPHONEOS_DEPLOYMENT_TARGET = 16.2;
				MTL_ENABLE_DEBUG_INFO = INCLUDE_SOURCE;
				MTL_FAST_MATH = YES;
				ONLY_ACTIVE_ARCH = YES;
				SDKROOT = iphoneos;
				SWIFT_ACTIVE_COMPILATION_CONDITIONS = DEBUG;
				SWIFT_OPTIMIZATION_LEVEL = "-Onone";
			};
			name = Debug;
		};
		6A8FB0AF299259DE00A6794E /* Release */ = {
			isa = XCBuildConfiguration;
			buildSettings = {
				ALWAYS_SEARCH_USER_PATHS = NO;
				CLANG_ANALYZER_NONNULL = YES;
				CLANG_ANALYZER_NUMBER_OBJECT_CONVERSION = YES_AGGRESSIVE;
				CLANG_CXX_LANGUAGE_STANDARD = "gnu++20";
				CLANG_ENABLE_MODULES = YES;
				CLANG_ENABLE_OBJC_ARC = YES;
				CLANG_ENABLE_OBJC_WEAK = YES;
				CLANG_WARN_BLOCK_CAPTURE_AUTORELEASING = YES;
				CLANG_WARN_BOOL_CONVERSION = YES;
				CLANG_WARN_COMMA = YES;
				CLANG_WARN_CONSTANT_CONVERSION = YES;
				CLANG_WARN_DEPRECATED_OBJC_IMPLEMENTATIONS = YES;
				CLANG_WARN_DIRECT_OBJC_ISA_USAGE = YES_ERROR;
				CLANG_WARN_DOCUMENTATION_COMMENTS = YES;
				CLANG_WARN_EMPTY_BODY = YES;
				CLANG_WARN_ENUM_CONVERSION = YES;
				CLANG_WARN_INFINITE_RECURSION = YES;
				CLANG_WARN_INT_CONVERSION = YES;
				CLANG_WARN_NON_LITERAL_NULL_CONVERSION = YES;
				CLANG_WARN_OBJC_IMPLICIT_RETAIN_SELF = YES;
				CLANG_WARN_OBJC_LITERAL_CONVERSION = YES;
				CLANG_WARN_OBJC_ROOT_CLASS = YES_ERROR;
				CLANG_WARN_QUOTED_INCLUDE_IN_FRAMEWORK_HEADER = YES;
				CLANG_WARN_RANGE_LOOP_ANALYSIS = YES;
				CLANG_WARN_STRICT_PROTOTYPES = YES;
				CLANG_WARN_SUSPICIOUS_MOVE = YES;
				CLANG_WARN_UNGUARDED_AVAILABILITY = YES_AGGRESSIVE;
				CLANG_WARN_UNREACHABLE_CODE = YES;
				CLANG_WARN__DUPLICATE_METHOD_MATCH = YES;
				COPY_PHASE_STRIP = NO;
				DEBUG_INFORMATION_FORMAT = "dwarf-with-dsym";
				ENABLE_NS_ASSERTIONS = NO;
				ENABLE_STRICT_OBJC_MSGSEND = YES;
				GCC_C_LANGUAGE_STANDARD = gnu11;
				GCC_NO_COMMON_BLOCKS = YES;
				GCC_WARN_64_TO_32_BIT_CONVERSION = YES;
				GCC_WARN_ABOUT_RETURN_TYPE = YES_ERROR;
				GCC_WARN_UNDECLARED_SELECTOR = YES;
				GCC_WARN_UNINITIALIZED_AUTOS = YES_AGGRESSIVE;
				GCC_WARN_UNUSED_FUNCTION = YES;
				GCC_WARN_UNUSED_VARIABLE = YES;
				IPHONEOS_DEPLOYMENT_TARGET = 16.2;
				MTL_ENABLE_DEBUG_INFO = NO;
				MTL_FAST_MATH = YES;
				SDKROOT = iphoneos;
				SWIFT_COMPILATION_MODE = wholemodule;
				SWIFT_OPTIMIZATION_LEVEL = "-O";
				VALIDATE_PRODUCT = YES;
			};
			name = Release;
		};
		6A8FB0B1299259DE00A6794E /* Debug */ = {
			isa = XCBuildConfiguration;
			buildSettings = {
				ASSETCATALOG_COMPILER_APPICON_NAME = AppIcon;
				ASSETCATALOG_COMPILER_GLOBAL_ACCENT_COLOR_NAME = AccentColor;
				CODE_SIGN_STYLE = Automatic;
				CURRENT_PROJECT_VERSION = 1;
				DEVELOPMENT_ASSET_PATHS = "\"HelloWorld/Preview Content\"";
				ENABLE_PREVIEWS = YES;
				GENERATE_INFOPLIST_FILE = YES;
				INFOPLIST_KEY_UIApplicationSceneManifest_Generation = YES;
				INFOPLIST_KEY_UIApplicationSupportsIndirectInputEvents = YES;
				INFOPLIST_KEY_UILaunchScreen_Generation = YES;
				INFOPLIST_KEY_UISupportedInterfaceOrientations_iPad = "UIInterfaceOrientationPortrait UIInterfaceOrientationPortraitUpsideDown UIInterfaceOrientationLandscapeLeft UIInterfaceOrientationLandscapeRight";
				INFOPLIST_KEY_UISupportedInterfaceOrientations_iPhone = "UIInterfaceOrientationPortrait UIInterfaceOrientationLandscapeLeft UIInterfaceOrientationLandscapeRight";
				LD_RUNPATH_SEARCH_PATHS = (
					"$(inherited)",
					"@executable_path/Frameworks",
				);
				MARKETING_VERSION = 1.0;
				PRODUCT_BUNDLE_IDENTIFIER = com.diconium.HelloWorld;
				PRODUCT_NAME = "$(TARGET_NAME)";
				SWIFT_EMIT_LOC_STRINGS = YES;
				SWIFT_VERSION = 5.0;
				TARGETED_DEVICE_FAMILY = "1,2";
			};
			name = Debug;
		};
		6A8FB0B2299259DE00A6794E /* Release */ = {
			isa = XCBuildConfiguration;
			buildSettings = {
				ASSETCATALOG_COMPILER_APPICON_NAME = AppIcon;
				ASSETCATALOG_COMPILER_GLOBAL_ACCENT_COLOR_NAME = AccentColor;
				CODE_SIGN_STYLE = Automatic;
				CURRENT_PROJECT_VERSION = 1;
				DEVELOPMENT_ASSET_PATHS = "\"HelloWorld/Preview Content\"";
				ENABLE_PREVIEWS = YES;
				GENERATE_INFOPLIST_FILE = YES;
				INFOPLIST_KEY_UIApplicationSceneManifest_Generation = YES;
				INFOPLIST_KEY_UIApplicationSupportsIndirectInputEvents = YES;
				INFOPLIST_KEY_UILaunchScreen_Generation = YES;
				INFOPLIST_KEY_UISupportedInterfaceOrientations_iPad = "UIInterfaceOrientationPortrait UIInterfaceOrientationPortraitUpsideDown UIInterfaceOrientationLandscapeLeft UIInterfaceOrientationLandscapeRight";
				INFOPLIST_KEY_UISupportedInterfaceOrientations_iPhone = "UIInterfaceOrientationPortrait UIInterfaceOrientationLandscapeLeft UIInterfaceOrientationLandscapeRight";
				LD_RUNPATH_SEARCH_PATHS = (
					"$(inherited)",
					"@executable_path/Frameworks",
				);
				MARKETING_VERSION = 1.0;
				PRODUCT_BUNDLE_IDENTIFIER = com.diconium.HelloWorld;
				PRODUCT_NAME = "$(TARGET_NAME)";
				SWIFT_EMIT_LOC_STRINGS = YES;
				SWIFT_VERSION = 5.0;
				TARGETED_DEVICE_FAMILY = "1,2";
			};
			name = Release;
		};
/* End XCBuildConfiguration section */

/* Begin XCConfigurationList section */
		6A8FB09D299259DC00A6794E /* Build configuration list for PBXProject "HelloWorld" */ = {
			isa = XCConfigurationList;
			buildConfigurations = (
				6A8FB0AE299259DE00A6794E /* Debug */,
				6A8FB0AF299259DE00A6794E /* Release */,
			);
			defaultConfigurationIsVisible = 0;
			defaultConfigurationName = Release;
		};
		6A8FB0B0299259DE00A6794E /* Build configuration list for PBXNativeTarget "HelloWorld" */ = {
			isa = XCConfigurationList;
			buildConfigurations = (
				6A8FB0B1299259DE00A6794E /* Debug */,
				6A8FB0B2299259DE00A6794E /* Release */,
			);
			defaultConfigurationIsVisible = 0;
			defaultConfigurationName = Release;
		};
/* End XCConfigurationList section */
	};
	rootObject = 6A8FB09A299259DC00A6794E /* Project object */;
}
